<?xml version="1.0" encoding="utf-8"?>
<Project ToolsVersion="4.0" xmlns="http://schemas.microsoft.com/developer/msbuild/2003">
  <ItemGroup>
    <Filter Include="Utility">
      <UniqueIdentifier>{53eebabf-a2c0-4efa-a8f6-9dfb2ccbb97a}</UniqueIdentifier>
    </Filter>
    <Filter Include="Container">
      <UniqueIdentifier>{c47784c1-aa8e-4482-9d90-6a688de627bf}</UniqueIdentifier>
    </Filter>
    <Filter Include="Sort">
      <UniqueIdentifier>{97d437b8-31b3-446e-9628-fb546eadd466}</UniqueIdentifier>
    </Filter>
  </ItemGroup>
  <ItemGroup>
    <ClInclude Include="$(MSBuildThisFileDirectory)Utility\ctl_makearray.hpp">
      <Filter>Utility</Filter>
    </ClInclude>
    <ClInclude Include="$(MSBuildThisFileDirectory)Utility\ctl_singleton.hpp">
      <Filter>Utility</Filter>
    </ClInclude>
    <ClInclude Include="$(MSBuildThisFileDirectory)Utility\ctl_traits.hpp">
      <Filter>Utility</Filter>
    </ClInclude>
    <ClInclude Include="$(MSBuildThisFileDirectory)Container\ctl_arraylist.hpp">
      <Filter>Container</Filter>
    </ClInclude>
    <ClInclude Include="$(MSBuildThisFileDirectory)Container\ctl_bst.hpp">
      <Filter>Container</Filter>
    </ClInclude>
    <ClInclude Include="$(MSBuildThisFileDirectory)Container\ctl_data.hpp">
      <Filter>Container</Filter>
    </ClInclude>
    <ClInclude Include="$(MSBuildThisFileDirectory)Container\ctl_deprecated_stack.hpp">
      <Filter>Container</Filter>
    </ClInclude>
    <ClInclude Include="$(MSBuildThisFileDirectory)Container\ctl_forwardlist.hpp">
      <Filter>Container</Filter>
    </ClInclude>
    <ClInclude Include="$(MSBuildThisFileDirectory)Container\ctl_linkedlist.hpp">
      <Filter>Container</Filter>
    </ClInclude>
    <ClInclude Include="$(MSBuildThisFileDirectory)Container\ctl_matrix.hpp">
      <Filter>Container</Filter>
    </ClInclude>
    <ClInclude Include="$(MSBuildThisFileDirectory)Container\ctl_open_map.hpp">
      <Filter>Container</Filter>
    </ClInclude>
    <ClInclude Include="$(MSBuildThisFileDirectory)Container\ctl_proto_hashmap.hpp">
      <Filter>Container</Filter>
    </ClInclude>
    <ClInclude Include="$(MSBuildThisFileDirectory)Container\ctl_stack.hpp">
      <Filter>Container</Filter>
    </ClInclude>
    <ClInclude Include="$(MSBuildThisFileDirectory)Container\ctl_virtual_disjointset.hpp">
      <Filter>Container</Filter>
    </ClInclude>
    <ClInclude Include="$(MSBuildThisFileDirectory)Sort\ctl_heap_sort.hpp">
      <Filter>Sort</Filter>
    </ClInclude>
    <ClInclude Include="$(MSBuildThisFileDirectory)Sort\ctl_merge_sort.hpp">
      <Filter>Sort</Filter>
    </ClInclude>
    <ClInclude Include="$(MSBuildThisFileDirectory)Sort\ctl_quick_sort.hpp">
      <Filter>Sort</Filter>
    </ClInclude>
    <ClInclude Include="$(MSBuildThisFileDirectory)ctl_pair.hpp" />
    <ClInclude Include="$(MSBuildThisFileDirectory)ctl_tester.hpp" />
  </ItemGroup>
</Project>